
Microsoft Visual Studio Solution File, Format Version 12.00
# Visual Studio Version 17
VisualStudioVersion = 17.3.32901.215
MinimumVisualStudioVersion = 10.0.40219.1
Project("{FAE04EC0-301F-11D3-BF4B-00C04F79EFBC}") = "Tetris", "Tetris.csproj", "{951B7511-0730-4824-B99B-185B8B30267B}"
EndProject
Global
	GlobalSection(SolutionConfigurationPlatforms) = preSolution
		Debug|Any CPU = Debug|Any CPU
		Release|Any CPU = Release|Any CPU
	EndGlobalSection
	GlobalSection(ProjectConfigurationPlatforms) = postSolution
		{951B7511-0730-4824-B99B-185B8B30267B}.Debug|Any CPU.ActiveCfg = Debug|Any CPU
		{951B7511-0730-4824-B99B-185B8B30267B}.Debug|Any CPU.Build.0 = Debug|Any CPU
		{951B7511-0730-4824-B99B-185B8B30267B}.Release|Any CPU.ActiveCfg = Release|Any CPU
		{951B7511-0730-4824-B99B-185B8B30267B}.Release|Any CPU.Build.0 = Release|Any CPU
	EndGlobalSection
	GlobalSection(SolutionProperties) = preSolution
		HideSolutionNode = FALSE
	EndGlobalSection
	GlobalSection(ExtensibilityGlobals) = postSolution
		SolutionGuid = {D885D434-C3E9-4E32-BB29-8C0DCCAD5E22}
	EndGlobalSection
EndGlobal
